
Microsoft Visual Studio Solution File, Format Version 12.00
# Visual Studio Version 17
VisualStudioVersion = 17.12.35707.178
MinimumVisualStudioVersion = 10.0.40219.1
Project("{FAE04EC0-301F-11D3-BF4B-00C04F79EFBC}") = "BookMyMovieDataAccessLayer", "BookMyMovieDataAccessLayer\BookMyMovieDataAccessLayer.csproj", "{73C1AF1A-766A-41A5-A66B-C93F3497DA04}"
EndProject
Project("{FAE04EC0-301F-11D3-BF4B-00C04F79EFBC}") = "BookMyMovieWebServices", "BookMyMovieWebServices\BookMyMovieWebServices.csproj", "{3FCE0A8E-3448-4DFB-8A5C-AA6E5D296FB7}"
EndProject
Global
	GlobalSection(SolutionConfigurationPlatforms) = preSolution
		Debug|Any CPU = Debug|Any CPU
		Release|Any CPU = Release|Any CPU
	EndGlobalSection
	GlobalSection(ProjectConfigurationPlatforms) = postSolution
		{73C1AF1A-766A-41A5-A66B-C93F3497DA04}.Debug|Any CPU.ActiveCfg = Debug|Any CPU
		{73C1AF1A-766A-41A5-A66B-C93F3497DA04}.Debug|Any CPU.Build.0 = Debug|Any CPU
		{73C1AF1A-766A-41A5-A66B-C93F3497DA04}.Release|Any CPU.ActiveCfg = Release|Any CPU
		{73C1AF1A-766A-41A5-A66B-C93F3497DA04}.Release|Any CPU.Build.0 = Release|Any CPU
		{3FCE0A8E-3448-4DFB-8A5C-AA6E5D296FB7}.Debug|Any CPU.ActiveCfg = Debug|Any CPU
		{3FCE0A8E-3448-4DFB-8A5C-AA6E5D296FB7}.Debug|Any CPU.Build.0 = Debug|Any CPU
		{3FCE0A8E-3448-4DFB-8A5C-AA6E5D296FB7}.Release|Any CPU.ActiveCfg = Release|Any CPU
		{3FCE0A8E-3448-4DFB-8A5C-AA6E5D296FB7}.Release|Any CPU.Build.0 = Release|Any CPU
	EndGlobalSection
	GlobalSection(SolutionProperties) = preSolution
		HideSolutionNode = FALSE
	EndGlobalSection
EndGlobal
